
Microsoft Visual Studio Solution File, Format Version 12.00
# Visual Studio Version 17
VisualStudioVersion = 17.14.36121.58 d17.14
MinimumVisualStudioVersion = 10.0.40219.1
Project("{F184B08F-C81C-45F6-A57F-5ABD9991F28F}") = "project_ADBMS", "project_ADBMS\project_ADBMS.vbproj", "{D289ABFC-548E-40BB-A1C5-47C1509E00AA}"
EndProject
Global
	GlobalSection(SolutionConfigurationPlatforms) = preSolution
		Debug|Any CPU = Debug|Any CPU
		Release|Any CPU = Release|Any CPU
	EndGlobalSection
	GlobalSection(ProjectConfigurationPlatforms) = postSolution
		{D289ABFC-548E-40BB-A1C5-47C1509E00AA}.Debug|Any CPU.ActiveCfg = Debug|Any CPU
		{D289ABFC-548E-40BB-A1C5-47C1509E00AA}.Debug|Any CPU.Build.0 = Debug|Any CPU
		{D289ABFC-548E-40BB-A1C5-47C1509E00AA}.Release|Any CPU.ActiveCfg = Release|Any CPU
		{D289ABFC-548E-40BB-A1C5-47C1509E00AA}.Release|Any CPU.Build.0 = Release|Any CPU
	EndGlobalSection
	GlobalSection(SolutionProperties) = preSolution
		HideSolutionNode = FALSE
	EndGlobalSection
	GlobalSection(ExtensibilityGlobals) = postSolution
		SolutionGuid = {4182448D-ABA1-4478-B4B6-744B5E2AC163}
	EndGlobalSection
EndGlobal
